# This file is automatically @generated by Cargo.
# It is not intended for manual editing.
version = 4

[[package]]
name = "anstyle"
version = "1.0.14"
source = "registry+https://github.com/rust-lang/crates.io-index"
checksum = "940b3a0ca603d1eade50a4846a2afffd5ef57a9feac2c0e2ec2e14f9ead76000"

[[package]]
name = "cargo-deny"
version = "0.20.2"
source = "registry+https://github.com/rust-lang/crates.io-index"
checksum = "e528dfcbe739af7ce37a77d3d6df1b29dd6887b1c701d888820c0f16b864f737"
dependencies = [
 "anstyle",
 "memchr",
]

[[package]]
name = "lydite-cargo-deny-pin"
version = "0.0.0"
dependencies = [
 "cargo-deny",
]

[[package]]
name = "memchr"
version = "2.8.3"
source = "registry+https://github.com/rust-lang/crates.io-index"
checksum = "cf8baf1c55e62ffcace7a9f06f4bd9cd3f0c4beb022d3b367256b91b87513d98"
