{
  "name": "lydite-cloud-services",
  "version": "0.0.0",
  "lockfileVersion": 3,
  "requires": true,
  "packages": {
    "": {
      "name": "lydite-cloud-services",
      "version": "0.0.0",
      "workspaces": [
        "pr-relay"
      ],
      "devDependencies": {
        "vitest": "3.2.4"
      }
    },
    "node_modules/@vitest/expect": {
      "version": "3.2.4",
      "resolved": "https://registry.npmjs.org/@vitest/expect/-/expect-3.2.4.tgz",
      "integrity": "sha512-Ro0lFOKQ/YIhzHwbmkgRCBEHHJvOXpRcBqNM5UUYAyqBYzSiMcOFY/Gw0hZlLPoZ0JYMMtRW7OIQO6HVtzWCjw==",
      "dev": true,
      "license": "MIT"
    },
    "node_modules/@vitest/runner": {
      "version": "3.2.4",
      "resolved": "https://registry.npmjs.org/@vitest/runner/-/runner-3.2.4.tgz",
      "integrity": "sha512-oukfKTFPSjLHBRAVXMNbyL0WCsVIG1DdMQzK3rTqpEDVGAOA/BJqnSbzOzTh7v3Vvzo3kBmTpMQPwFgPcgZvwQ==",
      "dev": true,
      "license": "MIT"
    },
    "node_modules/pr-relay": {
      "resolved": "pr-relay",
      "link": true
    },
    "node_modules/vite": {
      "version": "6.3.5",
      "resolved": "https://registry.npmjs.org/vite/-/vite-6.3.5.tgz",
      "integrity": "sha512-cZn6NDFE7wdTpINgs++ZJ4N49W2vRp8LCKrn3Ob1kYNtOo21vfDoaV5GzBfLU4MovSAB8uNRm4jgzVQZ+mBzPQ==",
      "dev": true,
      "license": "MIT"
    },
    "node_modules/vitest": {
      "version": "3.2.4",
      "resolved": "https://registry.npmjs.org/vitest/-/vitest-3.2.4.tgz",
      "integrity": "sha512-LUCP5ev3GURDysTWiP47wRRUpLKMOfPh+yKTx3kVIEiu5KOMeqzpnYNsKyOoVrULivR8tLcks4+lga33Whn90A==",
      "dev": true,
      "license": "MIT",
      "dependencies": {
        "@vitest/expect": "3.2.4",
        "@vitest/runner": "3.2.4",
        "vite": "^5.0.0 || ^6.0.0"
      }
    },
    "pr-relay": {
      "name": "pr-relay",
      "version": "0.0.0"
    }
  }
}
