github.com/cpuguy83/go-md2man/v2 v2.0.6/go.mod h1:oOW0eioCTA6cOiMLiUPZOpcVxMig6NIQQ7OS05n1F4g=
github.com/google/licensecheck v0.3.1 h1:QoxgoDkaeC4nFrtGN1jV7IPmDCHFNIVh54e5hSt6sPs=
github.com/google/licensecheck v0.3.1/go.mod h1:ORkR35t/JjW+emNKtfJDII0zlciG9JgbT7SmsohlHmY=
github.com/kr/pretty v0.1.0/go.mod h1:dAy3ld7l9f0ibDNOQOHHMYYIIbhfbHSm3C4ZsoJORNo=
github.com/spf13/cobra v1.10.1 h1:2E0G4LRsUiJCMnptTbLOZbkaHCCRzXEMlpbLDbnvJ8o=
github.com/spf13/cobra v1.10.1/go.mod h1:x7oOmnFKsoPeWYIuX1Zi7Lb95a6bYo9j1bNTF6HTSf8=
github.com/spf13/pflag v1.0.9 h1:9exaQaMOCwffKiiiYk6/BndUBv+iRViNW+4lEMi0PvY=
github.com/spf13/pflag v1.0.9/go.mod h1:McXfInJRrz4CZXVZOBLb0bTZqETkiAhM9Iw0y3An2Bg=
golang.org/x/mod v0.40.0 h1:B8YtA1TNTgHNWHkBFjBLA2UbdnIWNXBbkWQeCdlBvhM=
golang.org/x/mod v0.40.0/go.mod h1:tPrGXJTHOIYzXzGw0J9JiFbPnJQZ4mYxDNsYE4kCKMo=
