# This file is automatically @generated by Cargo.
# It is not intended for manual editing.
version = 4

[[package]]
name = "anstyle"
version = "1.0.13"
source = "registry+https://github.com/rust-lang/crates.io-index"
checksum = "6680de5231bd6ee4c6191b8a1325daa282b415391ec9d3a37bd34f2060dc73fa"

[[package]]
name = "cargo-deny"
version = "0.20.1"
source = "registry+https://github.com/rust-lang/crates.io-index"
checksum = "3ff63a9c1f8e4e1f39f0b2d3e2a4b1a5b4dc9fbbf87b6dd21f0f0a0e1b4d0a11"
dependencies = [
 "anstyle",
 "memchr",
]

[[package]]
name = "lydite-cargo-deny-pin"
version = "0.0.0"
dependencies = [
 "cargo-deny",
]

[[package]]
name = "memchr"
version = "2.8.3"
source = "registry+https://github.com/rust-lang/crates.io-index"
checksum = "cf8baf1c55e62ffcace7a9f06f4bd9cd3f0c4beb022d3b367256b91b87513d98"
