{
  "name": "lydite-cloud-services",
  "version": "0.0.0",
  "lockfileVersion": 3,
  "requires": true,
  "packages": {
    "": {
      "name": "lydite-cloud-services",
      "version": "0.0.0",
      "workspaces": [
        "pr-relay"
      ],
      "devDependencies": {
        "vitest": "4.0.1"
      }
    },
    "node_modules/@vitest/expect": {
      "version": "4.0.1",
      "resolved": "https://registry.npmjs.org/@vitest/expect/-/expect-4.0.1.tgz",
      "integrity": "sha512-ZBEGBPxCNGDZ4Sre1JWZMWBYlnKqvGGDHhGBTM6BxcYQYIKw2NLaxiGGmVLNKxSTLbeUcVVHbxWFZ0wDTyzFZQ==",
      "dev": true,
      "license": "MIT"
    },
    "node_modules/@vitest/mocker": {
      "version": "4.0.1",
      "resolved": "https://registry.npmjs.org/@vitest/mocker/-/mocker-4.0.1.tgz",
      "integrity": "sha512-8ZfkJHWCTCUkzO2xdnPXEYCPnOZcLLVXlPBqGeMnQGYSPUNgxbGZLBS0dnPQrBBrNSVWvGVnLKBEjwQ4jCAjnw==",
      "dev": true,
      "license": "MIT"
    },
    "node_modules/@vitest/runner": {
      "version": "4.0.1",
      "resolved": "https://registry.npmjs.org/@vitest/runner/-/runner-4.0.1.tgz",
      "integrity": "sha512-wLCLqCGLKDtgDnJWXCGQXHJKGWmLZXGLGTlDsXDPGmMVzD1XVqxZJZ0xvNXbLBIF0CW9RzYpxxLd2vCrnhOWMQ==",
      "dev": true,
      "license": "MIT"
    },
    "node_modules/pr-relay": {
      "resolved": "pr-relay",
      "link": true
    },
    "node_modules/vite": {
      "version": "7.1.5",
      "resolved": "https://registry.npmjs.org/vite/-/vite-7.1.5.tgz",
      "integrity": "sha512-4cKBO9wR75r0BeIWWWId9XK9Lj6La5X846Zw9dFfzMRw38IlTk2iCcUt6hsyiDRcPidc55ZParFYDXi0nXOeLQ==",
      "dev": true,
      "license": "MIT"
    },
    "node_modules/vitest": {
      "version": "4.0.1",
      "resolved": "https://registry.npmjs.org/vitest/-/vitest-4.0.1.tgz",
      "integrity": "sha512-GDnPCJLJ2LcXfGPQM2pXGYzLTwCzMJc7xtVBq4qFGOZWQyhtIS1UCe3ZGKOjxSGBkvnHHVBqwQFhLSnWjFMLOA==",
      "dev": true,
      "license": "MIT",
      "dependencies": {
        "@vitest/expect": "4.0.1",
        "@vitest/mocker": "4.0.1",
        "@vitest/runner": "4.0.1",
        "vite": "^6.0.0 || ^7.0.0"
      }
    },
    "pr-relay": {
      "name": "pr-relay",
      "version": "0.0.0"
    }
  }
}
